FORGE
  remote: https://forgeapi.puppetlabs.com
  specs:
    aco-oracle_java (2.7.1)
      puppet-archive (< 2.0.0, >= 0.4.4)
      puppetlabs-stdlib (< 5.0.0, >= 3.2.0)
    avinashsi7-java (0.1.0)
    puppet-archive (1.0.0)
      puppetlabs-stdlib (< 5.0.0, >= 4.2.0)
    puppetlabs-stdlib (4.12.0)

DEPENDENCIES
  aco-oracle_java (>= 0)
  avinashsi7-java (>= 0)
  puppet-archive (>= 0)

